
Microsoft Visual Studio Solution File, Format Version 12.00
# Visual Studio 14
VisualStudioVersion = 14.0.23107.0
MinimumVisualStudioVersion = 10.0.40219.1
Project("{FAE04EC0-301F-11D3-BF4B-00C04F79EFBC}") = "LaptopFactory.Models", "LaptopFactory.Models\LaptopFactory.Models.csproj", "{3F38DE2E-DAC4-493B-9451-FF65ADF6AD29}"
EndProject
Project("{FAE04EC0-301F-11D3-BF4B-00C04F79EFBC}") = "LaptopFactory.Data", "LaptopFactory.Data\LaptopFactory.Data.csproj", "{06265B76-515B-4239-9E3F-87E278A216FE}"
EndProject
Project("{FAE04EC0-301F-11D3-BF4B-00C04F79EFBC}") = "LaptopFactory.ConsoleClient", "LaptopFactory.ConsoleClient\LaptopFactory.ConsoleClient.csproj", "{04BAC446-A68C-4176-82DB-98E2581517C8}"
EndProject
Global
	GlobalSection(SolutionConfigurationPlatforms) = preSolution
		Debug|Any CPU = Debug|Any CPU
		Release|Any CPU = Release|Any CPU
	EndGlobalSection
	GlobalSection(ProjectConfigurationPlatforms) = postSolution
		{3F38DE2E-DAC4-493B-9451-FF65ADF6AD29}.Debug|Any CPU.ActiveCfg = Debug|Any CPU
		{3F38DE2E-DAC4-493B-9451-FF65ADF6AD29}.Debug|Any CPU.Build.0 = Debug|Any CPU
		{3F38DE2E-DAC4-493B-9451-FF65ADF6AD29}.Release|Any CPU.ActiveCfg = Release|Any CPU
		{3F38DE2E-DAC4-493B-9451-FF65ADF6AD29}.Release|Any CPU.Build.0 = Release|Any CPU
		{06265B76-515B-4239-9E3F-87E278A216FE}.Debug|Any CPU.ActiveCfg = Debug|Any CPU
		{06265B76-515B-4239-9E3F-87E278A216FE}.Debug|Any CPU.Build.0 = Debug|Any CPU
		{06265B76-515B-4239-9E3F-87E278A216FE}.Release|Any CPU.ActiveCfg = Release|Any CPU
		{06265B76-515B-4239-9E3F-87E278A216FE}.Release|Any CPU.Build.0 = Release|Any CPU
		{04BAC446-A68C-4176-82DB-98E2581517C8}.Debug|Any CPU.ActiveCfg = Debug|Any CPU
		{04BAC446-A68C-4176-82DB-98E2581517C8}.Debug|Any CPU.Build.0 = Debug|Any CPU
		{04BAC446-A68C-4176-82DB-98E2581517C8}.Release|Any CPU.ActiveCfg = Release|Any CPU
		{04BAC446-A68C-4176-82DB-98E2581517C8}.Release|Any CPU.Build.0 = Release|Any CPU
	EndGlobalSection
	GlobalSection(SolutionProperties) = preSolution
		HideSolutionNode = FALSE
	EndGlobalSection
EndGlobal
