
Microsoft Visual Studio Solution File, Format Version 12.00
# Visual Studio 14
VisualStudioVersion = 14.0.23107.0
MinimumVisualStudioVersion = 10.0.40219.1
Project("{FAE04EC0-301F-11D3-BF4B-00C04F79EFBC}") = "Processing XML in .NET", "Processing XML in .NET\Processing XML in .NET.csproj", "{C8A363B9-2B4B-45B9-9CAC-CDE712F9208F}"
EndProject
Global
	GlobalSection(SolutionConfigurationPlatforms) = preSolution
		Debug|Any CPU = Debug|Any CPU
		Release|Any CPU = Release|Any CPU
	EndGlobalSection
	GlobalSection(ProjectConfigurationPlatforms) = postSolution
		{C8A363B9-2B4B-45B9-9CAC-CDE712F9208F}.Debug|Any CPU.ActiveCfg = Debug|Any CPU
		{C8A363B9-2B4B-45B9-9CAC-CDE712F9208F}.Debug|Any CPU.Build.0 = Debug|Any CPU
		{C8A363B9-2B4B-45B9-9CAC-CDE712F9208F}.Release|Any CPU.ActiveCfg = Release|Any CPU
		{C8A363B9-2B4B-45B9-9CAC-CDE712F9208F}.Release|Any CPU.Build.0 = Release|Any CPU
	EndGlobalSection
	GlobalSection(SolutionProperties) = preSolution
		HideSolutionNode = FALSE
	EndGlobalSection
EndGlobal
