
Microsoft Visual Studio Solution File, Format Version 12.00
# Visual Studio 2013
VisualStudioVersion = 12.0.31101.0
MinimumVisualStudioVersion = 10.0.40219.1
Project("{FAE04EC0-301F-11D3-BF4B-00C04F79EFBC}") = "01. DeclareVariables", "01. DeclareVariables\01. DeclareVariables.csproj", "{ACF19BF6-3AEC-4F32-AD4A-A9AA67027122}"
EndProject
Project("{FAE04EC0-301F-11D3-BF4B-00C04F79EFBC}") = "02. FloatOrDouble", "02. FloatOrDouble\02. FloatOrDouble.csproj", "{D461816B-D994-480E-9C07-E307F0DEA15E}"
EndProject
Project("{FAE04EC0-301F-11D3-BF4B-00C04F79EFBC}") = "03.VariableInHexadecimalFormat", "03.VariableInHexadecimalFormat\03.VariableInHexadecimalFormat.csproj", "{F7C50DC4-B641-4987-AB64-4AEC3C83EBF3}"
EndProject
Project("{FAE04EC0-301F-11D3-BF4B-00C04F79EFBC}") = "04.UnicodeCharacter", "04.UnicodeCharacter\04.UnicodeCharacter.csproj", "{B9DD02CB-6C1A-4663-86D5-6E0C5F3D3AD0}"
EndProject
Project("{FAE04EC0-301F-11D3-BF4B-00C04F79EFBC}") = "05.BooleanVariable", "05.BooleanVariable\05.BooleanVariable.csproj", "{A84F45B7-5FFF-438C-8AF5-3D6BF65ED2A5}"
EndProject
Project("{FAE04EC0-301F-11D3-BF4B-00C04F79EFBC}") = "06.StringsAndObjects", "06.StringsAndObjects\06.StringsAndObjects.csproj", "{F6AD5C8C-9D5D-496F-83FF-EB7D45AE22E2}"
EndProject
Project("{FAE04EC0-301F-11D3-BF4B-00C04F79EFBC}") = "07.QuotesInStrings", "07.QuotesInStrings\07.QuotesInStrings.csproj", "{0A8739D7-0816-4416-A8D0-323857CD7556}"
EndProject
Project("{FAE04EC0-301F-11D3-BF4B-00C04F79EFBC}") = "08.IsoscelesTriangle", "08.IsoscelesTriangle\08.IsoscelesTriangle.csproj", "{155723B4-04F9-43A5-B144-9FAB3F5A7504}"
EndProject
Project("{FAE04EC0-301F-11D3-BF4B-00C04F79EFBC}") = "09.ExchangeVariableValues", "09.ExchangeVariableValues\09.ExchangeVariableValues.csproj", "{E1862CCA-A54A-4F47-8056-23FFEC34CC87}"
EndProject
Project("{FAE04EC0-301F-11D3-BF4B-00C04F79EFBC}") = "10.EmployeeData", "10.EmployeeData\10.EmployeeData.csproj", "{5D358DB8-3398-417B-BFD7-8B2DDFD17B94}"
EndProject
Project("{FAE04EC0-301F-11D3-BF4B-00C04F79EFBC}") = "11.BankAccountData", "11.BankAccountData\11.BankAccountData.csproj", "{F4F6CA48-EF42-4CF2-AEF7-1F3FECD70066}"
EndProject
Project("{FAE04EC0-301F-11D3-BF4B-00C04F79EFBC}") = "12.NullValuesArithmetic", "12.NullValuesArithmetic\12.NullValuesArithmetic.csproj", "{2F798D9F-D4DA-4CBE-BF79-EDDDC486F866}"
EndProject
Project("{FAE04EC0-301F-11D3-BF4B-00C04F79EFBC}") = "13.ComparingFloats", "13.ComparingFloats\13.ComparingFloats.csproj", "{43B09395-40B9-4695-A5BF-DD3A0C43D3F3}"
EndProject
Project("{FAE04EC0-301F-11D3-BF4B-00C04F79EFBC}") = "14.PrintTheASCIITable", "14.PrintTheASCIITable\14.PrintTheASCIITable.csproj", "{2A145629-3938-4150-B430-D9066F667E2F}"
EndProject
Global
	GlobalSection(SolutionConfigurationPlatforms) = preSolution
		Debug|Any CPU = Debug|Any CPU
		Release|Any CPU = Release|Any CPU
	EndGlobalSection
	GlobalSection(ProjectConfigurationPlatforms) = postSolution
		{ACF19BF6-3AEC-4F32-AD4A-A9AA67027122}.Debug|Any CPU.ActiveCfg = Debug|Any CPU
		{ACF19BF6-3AEC-4F32-AD4A-A9AA67027122}.Debug|Any CPU.Build.0 = Debug|Any CPU
		{ACF19BF6-3AEC-4F32-AD4A-A9AA67027122}.Release|Any CPU.ActiveCfg = Release|Any CPU
		{ACF19BF6-3AEC-4F32-AD4A-A9AA67027122}.Release|Any CPU.Build.0 = Release|Any CPU
		{D461816B-D994-480E-9C07-E307F0DEA15E}.Debug|Any CPU.ActiveCfg = Debug|Any CPU
		{D461816B-D994-480E-9C07-E307F0DEA15E}.Debug|Any CPU.Build.0 = Debug|Any CPU
		{D461816B-D994-480E-9C07-E307F0DEA15E}.Release|Any CPU.ActiveCfg = Release|Any CPU
		{D461816B-D994-480E-9C07-E307F0DEA15E}.Release|Any CPU.Build.0 = Release|Any CPU
		{F7C50DC4-B641-4987-AB64-4AEC3C83EBF3}.Debug|Any CPU.ActiveCfg = Debug|Any CPU
		{F7C50DC4-B641-4987-AB64-4AEC3C83EBF3}.Debug|Any CPU.Build.0 = Debug|Any CPU
		{F7C50DC4-B641-4987-AB64-4AEC3C83EBF3}.Release|Any CPU.ActiveCfg = Release|Any CPU
		{F7C50DC4-B641-4987-AB64-4AEC3C83EBF3}.Release|Any CPU.Build.0 = Release|Any CPU
		{B9DD02CB-6C1A-4663-86D5-6E0C5F3D3AD0}.Debug|Any CPU.ActiveCfg = Debug|Any CPU
		{B9DD02CB-6C1A-4663-86D5-6E0C5F3D3AD0}.Debug|Any CPU.Build.0 = Debug|Any CPU
		{B9DD02CB-6C1A-4663-86D5-6E0C5F3D3AD0}.Release|Any CPU.ActiveCfg = Release|Any CPU
		{B9DD02CB-6C1A-4663-86D5-6E0C5F3D3AD0}.Release|Any CPU.Build.0 = Release|Any CPU
		{A84F45B7-5FFF-438C-8AF5-3D6BF65ED2A5}.Debug|Any CPU.ActiveCfg = Debug|Any CPU
		{A84F45B7-5FFF-438C-8AF5-3D6BF65ED2A5}.Debug|Any CPU.Build.0 = Debug|Any CPU
		{A84F45B7-5FFF-438C-8AF5-3D6BF65ED2A5}.Release|Any CPU.ActiveCfg = Release|Any CPU
		{A84F45B7-5FFF-438C-8AF5-3D6BF65ED2A5}.Release|Any CPU.Build.0 = Release|Any CPU
		{F6AD5C8C-9D5D-496F-83FF-EB7D45AE22E2}.Debug|Any CPU.ActiveCfg = Debug|Any CPU
		{F6AD5C8C-9D5D-496F-83FF-EB7D45AE22E2}.Debug|Any CPU.Build.0 = Debug|Any CPU
		{F6AD5C8C-9D5D-496F-83FF-EB7D45AE22E2}.Release|Any CPU.ActiveCfg = Release|Any CPU
		{F6AD5C8C-9D5D-496F-83FF-EB7D45AE22E2}.Release|Any CPU.Build.0 = Release|Any CPU
		{0A8739D7-0816-4416-A8D0-323857CD7556}.Debug|Any CPU.ActiveCfg = Debug|Any CPU
		{0A8739D7-0816-4416-A8D0-323857CD7556}.Debug|Any CPU.Build.0 = Debug|Any CPU
		{0A8739D7-0816-4416-A8D0-323857CD7556}.Release|Any CPU.ActiveCfg = Release|Any CPU
		{0A8739D7-0816-4416-A8D0-323857CD7556}.Release|Any CPU.Build.0 = Release|Any CPU
		{155723B4-04F9-43A5-B144-9FAB3F5A7504}.Debug|Any CPU.ActiveCfg = Debug|Any CPU
		{155723B4-04F9-43A5-B144-9FAB3F5A7504}.Debug|Any CPU.Build.0 = Debug|Any CPU
		{155723B4-04F9-43A5-B144-9FAB3F5A7504}.Release|Any CPU.ActiveCfg = Release|Any CPU
		{155723B4-04F9-43A5-B144-9FAB3F5A7504}.Release|Any CPU.Build.0 = Release|Any CPU
		{E1862CCA-A54A-4F47-8056-23FFEC34CC87}.Debug|Any CPU.ActiveCfg = Debug|Any CPU
		{E1862CCA-A54A-4F47-8056-23FFEC34CC87}.Debug|Any CPU.Build.0 = Debug|Any CPU
		{E1862CCA-A54A-4F47-8056-23FFEC34CC87}.Release|Any CPU.ActiveCfg = Release|Any CPU
		{E1862CCA-A54A-4F47-8056-23FFEC34CC87}.Release|Any CPU.Build.0 = Release|Any CPU
		{5D358DB8-3398-417B-BFD7-8B2DDFD17B94}.Debug|Any CPU.ActiveCfg = Debug|Any CPU
		{5D358DB8-3398-417B-BFD7-8B2DDFD17B94}.Debug|Any CPU.Build.0 = Debug|Any CPU
		{5D358DB8-3398-417B-BFD7-8B2DDFD17B94}.Release|Any CPU.ActiveCfg = Release|Any CPU
		{5D358DB8-3398-417B-BFD7-8B2DDFD17B94}.Release|Any CPU.Build.0 = Release|Any CPU
		{F4F6CA48-EF42-4CF2-AEF7-1F3FECD70066}.Debug|Any CPU.ActiveCfg = Debug|Any CPU
		{F4F6CA48-EF42-4CF2-AEF7-1F3FECD70066}.Debug|Any CPU.Build.0 = Debug|Any CPU
		{F4F6CA48-EF42-4CF2-AEF7-1F3FECD70066}.Release|Any CPU.ActiveCfg = Release|Any CPU
		{F4F6CA48-EF42-4CF2-AEF7-1F3FECD70066}.Release|Any CPU.Build.0 = Release|Any CPU
		{2F798D9F-D4DA-4CBE-BF79-EDDDC486F866}.Debug|Any CPU.ActiveCfg = Debug|Any CPU
		{2F798D9F-D4DA-4CBE-BF79-EDDDC486F866}.Debug|Any CPU.Build.0 = Debug|Any CPU
		{2F798D9F-D4DA-4CBE-BF79-EDDDC486F866}.Release|Any CPU.ActiveCfg = Release|Any CPU
		{2F798D9F-D4DA-4CBE-BF79-EDDDC486F866}.Release|Any CPU.Build.0 = Release|Any CPU
		{43B09395-40B9-4695-A5BF-DD3A0C43D3F3}.Debug|Any CPU.ActiveCfg = Debug|Any CPU
		{43B09395-40B9-4695-A5BF-DD3A0C43D3F3}.Debug|Any CPU.Build.0 = Debug|Any CPU
		{43B09395-40B9-4695-A5BF-DD3A0C43D3F3}.Release|Any CPU.ActiveCfg = Release|Any CPU
		{43B09395-40B9-4695-A5BF-DD3A0C43D3F3}.Release|Any CPU.Build.0 = Release|Any CPU
		{2A145629-3938-4150-B430-D9066F667E2F}.Debug|Any CPU.ActiveCfg = Debug|Any CPU
		{2A145629-3938-4150-B430-D9066F667E2F}.Debug|Any CPU.Build.0 = Debug|Any CPU
		{2A145629-3938-4150-B430-D9066F667E2F}.Release|Any CPU.ActiveCfg = Release|Any CPU
		{2A145629-3938-4150-B430-D9066F667E2F}.Release|Any CPU.Build.0 = Release|Any CPU
	EndGlobalSection
	GlobalSection(SolutionProperties) = preSolution
		HideSolutionNode = FALSE
	EndGlobalSection
EndGlobal
