
Microsoft Visual Studio Solution File, Format Version 12.00
# Visual Studio 2013
VisualStudioVersion = 12.0.31101.0
MinimumVisualStudioVersion = 10.0.40219.1
Project("{FAE04EC0-301F-11D3-BF4B-00C04F79EFBC}") = "01.2-4-8", "01.2-4-8\01.2-4-8.csproj", "{066B7A31-781B-4864-A497-C9D98347E6BD}"
EndProject
Project("{FAE04EC0-301F-11D3-BF4B-00C04F79EFBC}") = "02.NightmareOnCodeStreet", "02.NightmareOnCodeStreet\02.NightmareOnCodeStreet.csproj", "{98D43A35-C295-454C-B475-D2B340CC3263}"
EndProject
Project("{FAE04EC0-301F-11D3-BF4B-00C04F79EFBC}") = "03.Enigmanation", "03.Enigmanation\03.Enigmanation.csproj", "{EC44BB25-4BBD-4F2A-B4A6-061735A9C305}"
EndProject
Project("{FAE04EC0-301F-11D3-BF4B-00C04F79EFBC}") = "04.KaspichaniaBoats", "04.KaspichaniaBoats\04.KaspichaniaBoats.csproj", "{23678302-9AEF-4158-8E31-98D3CA21E039}"
EndProject
Project("{FAE04EC0-301F-11D3-BF4B-00C04F79EFBC}") = "01.TripleRotationOfDigits", "01.TripleRotationOfDigits\01.TripleRotationOfDigits.csproj", "{0728F266-606A-4BEA-B1B4-B609A3820DA8}"
EndProject
Project("{FAE04EC0-301F-11D3-BF4B-00C04F79EFBC}") = "04.UKFlag", "04.UKFlag\04.UKFlag.csproj", "{75C74A0D-AB88-42BC-9AF3-CEBF6217F979}"
EndProject
Project("{FAE04EC0-301F-11D3-BF4B-00C04F79EFBC}") = "04.Carpets", "04.Carpets\04.Carpets.csproj", "{2EC68C37-5529-4A9E-B86A-6158E5C25309}"
EndProject
Project("{FAE04EC0-301F-11D3-BF4B-00C04F79EFBC}") = "03.Sheets", "03.Sheets\03.Sheets.csproj", "{CAD39AAD-8FA4-4654-BED4-F6160DC91F9B}"
EndProject
Project("{FAE04EC0-301F-11D3-BF4B-00C04F79EFBC}") = "01.CoffeeVendingMachine", "01.CoffeeVendingMachine\01.CoffeeVendingMachine.csproj", "{5124A76A-ED16-45BE-9C63-CA34276C7DC7}"
EndProject
Project("{FAE04EC0-301F-11D3-BF4B-00C04F79EFBC}") = "02.DrunkenNumbers", "02.DrunkenNumbers\02.DrunkenNumbers.csproj", "{69B1985B-E218-4210-B133-B2E0BF5E5EAF}"
EndProject
Global
	GlobalSection(SolutionConfigurationPlatforms) = preSolution
		Debug|Any CPU = Debug|Any CPU
		Release|Any CPU = Release|Any CPU
	EndGlobalSection
	GlobalSection(ProjectConfigurationPlatforms) = postSolution
		{066B7A31-781B-4864-A497-C9D98347E6BD}.Debug|Any CPU.ActiveCfg = Debug|Any CPU
		{066B7A31-781B-4864-A497-C9D98347E6BD}.Debug|Any CPU.Build.0 = Debug|Any CPU
		{066B7A31-781B-4864-A497-C9D98347E6BD}.Release|Any CPU.ActiveCfg = Release|Any CPU
		{066B7A31-781B-4864-A497-C9D98347E6BD}.Release|Any CPU.Build.0 = Release|Any CPU
		{98D43A35-C295-454C-B475-D2B340CC3263}.Debug|Any CPU.ActiveCfg = Debug|Any CPU
		{98D43A35-C295-454C-B475-D2B340CC3263}.Debug|Any CPU.Build.0 = Debug|Any CPU
		{98D43A35-C295-454C-B475-D2B340CC3263}.Release|Any CPU.ActiveCfg = Release|Any CPU
		{98D43A35-C295-454C-B475-D2B340CC3263}.Release|Any CPU.Build.0 = Release|Any CPU
		{EC44BB25-4BBD-4F2A-B4A6-061735A9C305}.Debug|Any CPU.ActiveCfg = Debug|Any CPU
		{EC44BB25-4BBD-4F2A-B4A6-061735A9C305}.Debug|Any CPU.Build.0 = Debug|Any CPU
		{EC44BB25-4BBD-4F2A-B4A6-061735A9C305}.Release|Any CPU.ActiveCfg = Release|Any CPU
		{EC44BB25-4BBD-4F2A-B4A6-061735A9C305}.Release|Any CPU.Build.0 = Release|Any CPU
		{23678302-9AEF-4158-8E31-98D3CA21E039}.Debug|Any CPU.ActiveCfg = Debug|Any CPU
		{23678302-9AEF-4158-8E31-98D3CA21E039}.Debug|Any CPU.Build.0 = Debug|Any CPU
		{23678302-9AEF-4158-8E31-98D3CA21E039}.Release|Any CPU.ActiveCfg = Release|Any CPU
		{23678302-9AEF-4158-8E31-98D3CA21E039}.Release|Any CPU.Build.0 = Release|Any CPU
		{0728F266-606A-4BEA-B1B4-B609A3820DA8}.Debug|Any CPU.ActiveCfg = Debug|Any CPU
		{0728F266-606A-4BEA-B1B4-B609A3820DA8}.Debug|Any CPU.Build.0 = Debug|Any CPU
		{0728F266-606A-4BEA-B1B4-B609A3820DA8}.Release|Any CPU.ActiveCfg = Release|Any CPU
		{0728F266-606A-4BEA-B1B4-B609A3820DA8}.Release|Any CPU.Build.0 = Release|Any CPU
		{75C74A0D-AB88-42BC-9AF3-CEBF6217F979}.Debug|Any CPU.ActiveCfg = Debug|Any CPU
		{75C74A0D-AB88-42BC-9AF3-CEBF6217F979}.Debug|Any CPU.Build.0 = Debug|Any CPU
		{75C74A0D-AB88-42BC-9AF3-CEBF6217F979}.Release|Any CPU.ActiveCfg = Release|Any CPU
		{75C74A0D-AB88-42BC-9AF3-CEBF6217F979}.Release|Any CPU.Build.0 = Release|Any CPU
		{2EC68C37-5529-4A9E-B86A-6158E5C25309}.Debug|Any CPU.ActiveCfg = Debug|Any CPU
		{2EC68C37-5529-4A9E-B86A-6158E5C25309}.Debug|Any CPU.Build.0 = Debug|Any CPU
		{2EC68C37-5529-4A9E-B86A-6158E5C25309}.Release|Any CPU.ActiveCfg = Release|Any CPU
		{2EC68C37-5529-4A9E-B86A-6158E5C25309}.Release|Any CPU.Build.0 = Release|Any CPU
		{CAD39AAD-8FA4-4654-BED4-F6160DC91F9B}.Debug|Any CPU.ActiveCfg = Debug|Any CPU
		{CAD39AAD-8FA4-4654-BED4-F6160DC91F9B}.Debug|Any CPU.Build.0 = Debug|Any CPU
		{CAD39AAD-8FA4-4654-BED4-F6160DC91F9B}.Release|Any CPU.ActiveCfg = Release|Any CPU
		{CAD39AAD-8FA4-4654-BED4-F6160DC91F9B}.Release|Any CPU.Build.0 = Release|Any CPU
		{5124A76A-ED16-45BE-9C63-CA34276C7DC7}.Debug|Any CPU.ActiveCfg = Debug|Any CPU
		{5124A76A-ED16-45BE-9C63-CA34276C7DC7}.Debug|Any CPU.Build.0 = Debug|Any CPU
		{5124A76A-ED16-45BE-9C63-CA34276C7DC7}.Release|Any CPU.ActiveCfg = Release|Any CPU
		{5124A76A-ED16-45BE-9C63-CA34276C7DC7}.Release|Any CPU.Build.0 = Release|Any CPU
		{69B1985B-E218-4210-B133-B2E0BF5E5EAF}.Debug|Any CPU.ActiveCfg = Debug|Any CPU
		{69B1985B-E218-4210-B133-B2E0BF5E5EAF}.Debug|Any CPU.Build.0 = Debug|Any CPU
		{69B1985B-E218-4210-B133-B2E0BF5E5EAF}.Release|Any CPU.ActiveCfg = Release|Any CPU
		{69B1985B-E218-4210-B133-B2E0BF5E5EAF}.Release|Any CPU.Build.0 = Release|Any CPU
	EndGlobalSection
	GlobalSection(SolutionProperties) = preSolution
		HideSolutionNode = FALSE
	EndGlobalSection
EndGlobal
