
Microsoft Visual Studio Solution File, Format Version 12.00
# Visual Studio 14
VisualStudioVersion = 14.0.23107.0
MinimumVisualStudioVersion = 10.0.40219.1
Project("{FAE04EC0-301F-11D3-BF4B-00C04F79EFBC}") = "01.DayOfWeek", "01.DayOfWeek\01.DayOfWeek.csproj", "{BABE660D-6F12-49D6-ABB9-0322A5D5E36B}"
EndProject
Project("{FAE04EC0-301F-11D3-BF4B-00C04F79EFBC}") = "02.DaysOfWeek.Client", "02.DaysOfWeek.Client\02.DaysOfWeek.Client.csproj", "{31CDAC03-D2F6-4C3C-BBBE-FF64C19413CA}"
	ProjectSection(ProjectDependencies) = postProject
		{BABE660D-6F12-49D6-ABB9-0322A5D5E36B} = {BABE660D-6F12-49D6-ABB9-0322A5D5E36B}
	EndProjectSection
EndProject
Project("{FAE04EC0-301F-11D3-BF4B-00C04F79EFBC}") = "03.CompareString", "03.CompareString\03.CompareString.csproj", "{0C2DC3CA-EF23-40B9-8BDA-7C0D90311EB9}"
EndProject
Global
	GlobalSection(SolutionConfigurationPlatforms) = preSolution
		Debug|Any CPU = Debug|Any CPU
		Release|Any CPU = Release|Any CPU
	EndGlobalSection
	GlobalSection(ProjectConfigurationPlatforms) = postSolution
		{BABE660D-6F12-49D6-ABB9-0322A5D5E36B}.Debug|Any CPU.ActiveCfg = Debug|Any CPU
		{BABE660D-6F12-49D6-ABB9-0322A5D5E36B}.Debug|Any CPU.Build.0 = Debug|Any CPU
		{BABE660D-6F12-49D6-ABB9-0322A5D5E36B}.Release|Any CPU.ActiveCfg = Release|Any CPU
		{BABE660D-6F12-49D6-ABB9-0322A5D5E36B}.Release|Any CPU.Build.0 = Release|Any CPU
		{31CDAC03-D2F6-4C3C-BBBE-FF64C19413CA}.Debug|Any CPU.ActiveCfg = Debug|Any CPU
		{31CDAC03-D2F6-4C3C-BBBE-FF64C19413CA}.Debug|Any CPU.Build.0 = Debug|Any CPU
		{31CDAC03-D2F6-4C3C-BBBE-FF64C19413CA}.Release|Any CPU.ActiveCfg = Release|Any CPU
		{31CDAC03-D2F6-4C3C-BBBE-FF64C19413CA}.Release|Any CPU.Build.0 = Release|Any CPU
		{0C2DC3CA-EF23-40B9-8BDA-7C0D90311EB9}.Debug|Any CPU.ActiveCfg = Debug|Any CPU
		{0C2DC3CA-EF23-40B9-8BDA-7C0D90311EB9}.Debug|Any CPU.Build.0 = Debug|Any CPU
		{0C2DC3CA-EF23-40B9-8BDA-7C0D90311EB9}.Release|Any CPU.ActiveCfg = Release|Any CPU
		{0C2DC3CA-EF23-40B9-8BDA-7C0D90311EB9}.Release|Any CPU.Build.0 = Release|Any CPU
	EndGlobalSection
	GlobalSection(SolutionProperties) = preSolution
		HideSolutionNode = FALSE
	EndGlobalSection
EndGlobal
