
Microsoft Visual Studio Solution File, Format Version 12.00
# Visual Studio 2013
VisualStudioVersion = 12.0.31101.0
MinimumVisualStudioVersion = 10.0.40219.1
Project("{FAE04EC0-301F-11D3-BF4B-00C04F79EFBC}") = "Shapes", "Shapes\Shapes.csproj", "{FDE8A76E-9277-4447-A0A4-41DED38A0B23}"
EndProject
Project("{FAE04EC0-301F-11D3-BF4B-00C04F79EFBC}") = "BankAccounts", "BankAccounts\BankAccounts.csproj", "{FC7B72B1-C69F-414D-BA10-D24EB4FAC665}"
EndProject
Project("{FAE04EC0-301F-11D3-BF4B-00C04F79EFBC}") = "RangeExceptions", "RangeExceptions\RangeExceptions.csproj", "{32B26D7E-85F2-400E-8416-1FE889D754C5}"
EndProject
Global
	GlobalSection(SolutionConfigurationPlatforms) = preSolution
		Debug|Any CPU = Debug|Any CPU
		Release|Any CPU = Release|Any CPU
	EndGlobalSection
	GlobalSection(ProjectConfigurationPlatforms) = postSolution
		{FDE8A76E-9277-4447-A0A4-41DED38A0B23}.Debug|Any CPU.ActiveCfg = Debug|Any CPU
		{FDE8A76E-9277-4447-A0A4-41DED38A0B23}.Debug|Any CPU.Build.0 = Debug|Any CPU
		{FDE8A76E-9277-4447-A0A4-41DED38A0B23}.Release|Any CPU.ActiveCfg = Release|Any CPU
		{FDE8A76E-9277-4447-A0A4-41DED38A0B23}.Release|Any CPU.Build.0 = Release|Any CPU
		{FC7B72B1-C69F-414D-BA10-D24EB4FAC665}.Debug|Any CPU.ActiveCfg = Debug|Any CPU
		{FC7B72B1-C69F-414D-BA10-D24EB4FAC665}.Debug|Any CPU.Build.0 = Debug|Any CPU
		{FC7B72B1-C69F-414D-BA10-D24EB4FAC665}.Release|Any CPU.ActiveCfg = Release|Any CPU
		{FC7B72B1-C69F-414D-BA10-D24EB4FAC665}.Release|Any CPU.Build.0 = Release|Any CPU
		{32B26D7E-85F2-400E-8416-1FE889D754C5}.Debug|Any CPU.ActiveCfg = Debug|Any CPU
		{32B26D7E-85F2-400E-8416-1FE889D754C5}.Debug|Any CPU.Build.0 = Debug|Any CPU
		{32B26D7E-85F2-400E-8416-1FE889D754C5}.Release|Any CPU.ActiveCfg = Release|Any CPU
		{32B26D7E-85F2-400E-8416-1FE889D754C5}.Release|Any CPU.Build.0 = Release|Any CPU
	EndGlobalSection
	GlobalSection(SolutionProperties) = preSolution
		HideSolutionNode = FALSE
	EndGlobalSection
EndGlobal
