
Microsoft Visual Studio Solution File, Format Version 12.00
# Visual Studio 2013
VisualStudioVersion = 12.0.31101.0
MinimumVisualStudioVersion = 10.0.40219.1
Project("{FAE04EC0-301F-11D3-BF4B-00C04F79EFBC}") = "StudentClass", "StudentClass\StudentClass.csproj", "{E5D9E9DA-827D-4C8F-A0C4-9D15842A15CE}"
EndProject
Project("{FAE04EC0-301F-11D3-BF4B-00C04F79EFBC}") = "Person", "Person\Person.csproj", "{C53906A8-15A9-4EE8-97E9-F7BA2A836342}"
EndProject
Project("{FAE04EC0-301F-11D3-BF4B-00C04F79EFBC}") = "BitArray", "BitArray\BitArray.csproj", "{79DF9A43-B8BA-48A3-8B0E-1F0F36514528}"
EndProject
Project("{FAE04EC0-301F-11D3-BF4B-00C04F79EFBC}") = "BinarySearchTree", "BinarySearchTree\BinarySearchTree.csproj", "{F906EF34-4DFD-4764-8519-5045160DBA68}"
EndProject
Global
	GlobalSection(SolutionConfigurationPlatforms) = preSolution
		Debug|Any CPU = Debug|Any CPU
		Release|Any CPU = Release|Any CPU
	EndGlobalSection
	GlobalSection(ProjectConfigurationPlatforms) = postSolution
		{E5D9E9DA-827D-4C8F-A0C4-9D15842A15CE}.Debug|Any CPU.ActiveCfg = Debug|Any CPU
		{E5D9E9DA-827D-4C8F-A0C4-9D15842A15CE}.Debug|Any CPU.Build.0 = Debug|Any CPU
		{E5D9E9DA-827D-4C8F-A0C4-9D15842A15CE}.Release|Any CPU.ActiveCfg = Release|Any CPU
		{E5D9E9DA-827D-4C8F-A0C4-9D15842A15CE}.Release|Any CPU.Build.0 = Release|Any CPU
		{C53906A8-15A9-4EE8-97E9-F7BA2A836342}.Debug|Any CPU.ActiveCfg = Debug|Any CPU
		{C53906A8-15A9-4EE8-97E9-F7BA2A836342}.Debug|Any CPU.Build.0 = Debug|Any CPU
		{C53906A8-15A9-4EE8-97E9-F7BA2A836342}.Release|Any CPU.ActiveCfg = Release|Any CPU
		{C53906A8-15A9-4EE8-97E9-F7BA2A836342}.Release|Any CPU.Build.0 = Release|Any CPU
		{79DF9A43-B8BA-48A3-8B0E-1F0F36514528}.Debug|Any CPU.ActiveCfg = Debug|Any CPU
		{79DF9A43-B8BA-48A3-8B0E-1F0F36514528}.Debug|Any CPU.Build.0 = Debug|Any CPU
		{79DF9A43-B8BA-48A3-8B0E-1F0F36514528}.Release|Any CPU.ActiveCfg = Release|Any CPU
		{79DF9A43-B8BA-48A3-8B0E-1F0F36514528}.Release|Any CPU.Build.0 = Release|Any CPU
		{F906EF34-4DFD-4764-8519-5045160DBA68}.Debug|Any CPU.ActiveCfg = Debug|Any CPU
		{F906EF34-4DFD-4764-8519-5045160DBA68}.Debug|Any CPU.Build.0 = Debug|Any CPU
		{F906EF34-4DFD-4764-8519-5045160DBA68}.Release|Any CPU.ActiveCfg = Release|Any CPU
		{F906EF34-4DFD-4764-8519-5045160DBA68}.Release|Any CPU.Build.0 = Release|Any CPU
	EndGlobalSection
	GlobalSection(SolutionProperties) = preSolution
		HideSolutionNode = FALSE
	EndGlobalSection
EndGlobal
