
Microsoft Visual Studio Solution File, Format Version 12.00
# Visual Studio 14
VisualStudioVersion = 14.0.23107.0
MinimumVisualStudioVersion = 10.0.40219.1
Project("{FAE04EC0-301F-11D3-BF4B-00C04F79EFBC}") = "Processing JSON in .NET", "Processing JSON in .NET\Processing JSON in .NET.csproj", "{CF060A2B-C9FE-4F23-AF6E-D0B7B6C2760D}"
EndProject
Global
	GlobalSection(SolutionConfigurationPlatforms) = preSolution
		Debug|Any CPU = Debug|Any CPU
		Release|Any CPU = Release|Any CPU
	EndGlobalSection
	GlobalSection(ProjectConfigurationPlatforms) = postSolution
		{CF060A2B-C9FE-4F23-AF6E-D0B7B6C2760D}.Debug|Any CPU.ActiveCfg = Debug|Any CPU
		{CF060A2B-C9FE-4F23-AF6E-D0B7B6C2760D}.Debug|Any CPU.Build.0 = Debug|Any CPU
		{CF060A2B-C9FE-4F23-AF6E-D0B7B6C2760D}.Release|Any CPU.ActiveCfg = Release|Any CPU
		{CF060A2B-C9FE-4F23-AF6E-D0B7B6C2760D}.Release|Any CPU.Build.0 = Release|Any CPU
	EndGlobalSection
	GlobalSection(SolutionProperties) = preSolution
		HideSolutionNode = FALSE
	EndGlobalSection
EndGlobal
